{"format_version":"1.1","terraform_version":"1.4.5","planned_values":{"root_module":{"resources":[{"address":"google_compute_network.vpc","mode":"managed","type":"google_compute_network","name":"vpc","provider_name":"registry.terraform.io/hashicorp/google","schema_version":0,"values":{"auto_create_subnetworks":false,"delete_default_routes_on_create":false,"description":null,"enable_ula_internal_ipv6":null,"name":"first-bit-382718-vpc","timeouts":null},"sensitive_values":{}},{"address":"google_compute_subnetwork.subnet","mode":"managed","type":"google_compute_subnetwork","name":"subnet","provider_name":"registry.terraform.io/hashicorp/google","schema_version":0,"values":{"description":null,"ip_cidr_range":"10.10.0.0/24","ipv6_access_type":null,"log_config":[],"name":"first-bit-382718-subnet","network":"first-bit-382718-vpc","private_ip_google_access":null,"region":"us-east1","role":null,"timeouts":null},"sensitive_values":{"log_config":[],"secondary_ip_range":[]}},{"address":"google_container_cluster.primary","mode":"managed","type":"google_container_cluster","name":"primary","provider_name":"registry.terraform.io/hashicorp/google","schema_version":1,"values":{"description":null,"dns_config":[],"enable_autopilot":null,"enable_binary_authorization":false,"enable_kubernetes_alpha":false,"enable_legacy_abac":false,"enable_shielded_nodes":true,"enable_tpu":null,"initial_node_count":3,"location":"us-east1","maintenance_policy":[],"master_authorized_networks_config":[],"min_master_version":null,"name":"first-bit-382718-gke","network":"first-bit-382718-vpc","network_policy":[],"private_cluster_config":[],"remove_default_node_pool":null,"resource_labels":null,"resource_usage_export_config":[],"subnetwork":"first-bit-382718-subnet","timeouts":null},"sensitive_values":{"addons_config":[],"authenticator_groups_config":[],"cluster_autoscaling":[],"confidential_nodes":[],"database_encryption":[],"default_snat_status":[],"dns_config":[],"ip_allocation_policy":[],"logging_config":[],"maintenance_policy":[],"master_auth":[],"master_authorized_networks_config":[],"monitoring_config":[],"network_policy":[],"node_config":[],"node_locations":[],"node_pool":[],"private_cluster_config":[],"release_channel":[],"resource_usage_export_config":[],"vertical_pod_autoscaling":[],"workload_identity_config":[]}}]}},"resource_changes":[{"address":"google_compute_network.vpc","mode":"managed","type":"google_compute_network","name":"vpc","provider_name":"registry.terraform.io/hashicorp/google","change":{"actions":["create"],"before":null,"after":{"auto_create_subnetworks":false,"delete_default_routes_on_create":false,"description":null,"enable_ula_internal_ipv6":null,"name":"first-bit-382718-vpc","timeouts":null},"after_unknown":{"gateway_ipv4":true,"id":true,"internal_ipv6_range":true,"mtu":true,"project":true,"routing_mode":true,"self_link":true},"before_sensitive":false,"after_sensitive":{}}},{"address":"google_compute_subnetwork.subnet","mode":"managed","type":"google_compute_subnetwork","name":"subnet","provider_name":"registry.terraform.io/hashicorp/google","change":{"actions":["create"],"before":null,"after":{"description":null,"ip_cidr_range":"10.10.0.0/24","ipv6_access_type":null,"log_config":[],"name":"first-bit-382718-subnet","network":"first-bit-382718-vpc","private_ip_google_access":null,"region":"us-east1","role":null,"timeouts":null},"after_unknown":{"creation_timestamp":true,"external_ipv6_prefix":true,"fingerprint":true,"gateway_address":true,"id":true,"ipv6_cidr_range":true,"log_config":[],"private_ipv6_google_access":true,"project":true,"purpose":true,"secondary_ip_range":true,"self_link":true,"stack_type":true},"before_sensitive":false,"after_sensitive":{"log_config":[],"secondary_ip_range":[]}}},{"address":"google_container_cluster.primary","mode":"managed","type":"google_container_cluster","name":"primary","provider_name":"registry.terraform.io/hashicorp/google","change":{"actions":["create"],"before":null,"after":{"description":null,"dns_config":[],"enable_autopilot":null,"enable_binary_authorization":false,"enable_kubernetes_alpha":false,"enable_legacy_abac":false,"enable_shielded_nodes":true,"enable_tpu":null,"initial_node_count":3,"location":"us-east1","maintenance_policy":[],"master_authorized_networks_config":[],"min_master_version":null,"name":"first-bit-382718-gke","network":"first-bit-382718-vpc","network_policy":[],"private_cluster_config":[],"remove_default_node_pool":null,"resource_labels":null,"resource_usage_export_config":[],"subnetwork":"first-bit-382718-subnet","timeouts":null},"after_unknown":{"addons_config":true,"authenticator_groups_config":true,"cluster_autoscaling":true,"cluster_ipv4_cidr":true,"confidential_nodes":true,"database_encryption":true,"datapath_provider":true,"default_max_pods_per_node":true,"default_snat_status":true,"dns_config":[],"enable_intranode_visibility":true,"endpoint":true,"id":true,"ip_allocation_policy":true,"label_fingerprint":true,"logging_config":true,"logging_service":true,"maintenance_policy":[],"master_auth":true,"master_authorized_networks_config":[],"master_version":true,"monitoring_config":true,"monitoring_service":true,"network_policy":[],"networking_mode":true,"node_config":true,"node_locations":true,"node_pool":true,"node_version":true,"operation":true,"private_cluster_config":[],"private_ipv6_google_access":true,"project":true,"release_channel":true,"resource_usage_export_config":[],"self_link":true,"services_ipv4_cidr":true,"tpu_ipv4_cidr_block":true,"vertical_pod_autoscaling":true,"workload_identity_config":true},"before_sensitive":false,"after_sensitive":{"addons_config":[],"authenticator_groups_config":[],"cluster_autoscaling":[],"confidential_nodes":[],"database_encryption":[],"default_snat_status":[],"dns_config":[],"ip_allocation_policy":[],"logging_config":[],"maintenance_policy":[],"master_auth":[],"master_authorized_networks_config":[],"monitoring_config":[],"network_policy":[],"node_config":[],"node_locations":[],"node_pool":[],"private_cluster_config":[],"release_channel":[],"resource_usage_export_config":[],"vertical_pod_autoscaling":[],"workload_identity_config":[]}}}],"output_changes":{"hello_world":{"actions":["delete"],"before":"Hello, World!","after":null,"after_unknown":false,"before_sensitive":false,"after_sensitive":false}},"prior_state":{"format_version":"1.0","terraform_version":"1.4.5","values":{"outputs":{"hello_world":{"sensitive":false,"value":"Hello, World!","type":"string"}},"root_module":{}}},"configuration":{"provider_config":{"google":{"name":"google","full_name":"registry.terraform.io/hashicorp/google","version_constraint":"4.27.0"}},"root_module":{"resources":[{"address":"google_compute_network.vpc","mode":"managed","type":"google_compute_network","name":"vpc","provider_config_key":"google","expressions":{"auto_create_subnetworks":{"constant_value":"false"},"name":{"constant_value":"first-bit-382718-vpc"}},"schema_version":0},{"address":"google_compute_subnetwork.subnet","mode":"managed","type":"google_compute_subnetwork","name":"subnet","provider_config_key":"google","expressions":{"ip_cidr_range":{"constant_value":"10.10.0.0/24"},"name":{"constant_value":"first-bit-382718-subnet"},"network":{"references":["google_compute_network.vpc.name","google_compute_network.vpc"]},"region":{"constant_value":"us-east1"}},"schema_version":0},{"address":"google_container_cluster.primary","mode":"managed","type":"google_container_cluster","name":"primary","provider_config_key":"google","expressions":{"initial_node_count":{"constant_value":3},"location":{"constant_value":"us-east1"},"name":{"constant_value":"first-bit-382718-gke"},"network":{"references":["google_compute_network.vpc.name","google_compute_network.vpc"]},"subnetwork":{"references":["google_compute_subnetwork.subnet.name","google_compute_subnetwork.subnet"]}},"schema_version":1}]}},"relevant_attributes":[{"resource":"google_compute_network.vpc","attribute":["name"]},{"resource":"google_compute_subnetwork.subnet","attribute":["name"]}]}
